
Microsoft Visual Studio Solution File, Format Version 12.00
# Visual Studio Version 16
VisualStudioVersion = 16.0.30225.117
MinimumVisualStudioVersion = 10.0.40219.1
Project("{FAE04EC0-301F-11D3-BF4B-00C04F79EFBC}") = "BranchingAndDatabasePractice", "BranchingAndDatabasePractice\BranchingAndDatabasePractice.csproj", "{283A6733-884A-4FC5-8DD9-2B2987AB6303}"
EndProject
Project("{00D1A9C2-B5F0-4AF3-8072-F6C62B433612}") = "EquipmentDb", "EquipmentDb\EquipmentDb.sqlproj", "{311F4159-1444-4D06-AE11-7E2ABD7EB480}"
EndProject
Global
	GlobalSection(SolutionConfigurationPlatforms) = preSolution
		Debug|Any CPU = Debug|Any CPU
		Release|Any CPU = Release|Any CPU
	EndGlobalSection
	GlobalSection(ProjectConfigurationPlatforms) = postSolution
		{283A6733-884A-4FC5-8DD9-2B2987AB6303}.Debug|Any CPU.ActiveCfg = Debug|Any CPU
		{283A6733-884A-4FC5-8DD9-2B2987AB6303}.Debug|Any CPU.Build.0 = Debug|Any CPU
		{283A6733-884A-4FC5-8DD9-2B2987AB6303}.Release|Any CPU.ActiveCfg = Release|Any CPU
		{283A6733-884A-4FC5-8DD9-2B2987AB6303}.Release|Any CPU.Build.0 = Release|Any CPU
		{311F4159-1444-4D06-AE11-7E2ABD7EB480}.Debug|Any CPU.ActiveCfg = Debug|Any CPU
		{311F4159-1444-4D06-AE11-7E2ABD7EB480}.Debug|Any CPU.Build.0 = Debug|Any CPU
		{311F4159-1444-4D06-AE11-7E2ABD7EB480}.Debug|Any CPU.Deploy.0 = Debug|Any CPU
		{311F4159-1444-4D06-AE11-7E2ABD7EB480}.Release|Any CPU.ActiveCfg = Release|Any CPU
		{311F4159-1444-4D06-AE11-7E2ABD7EB480}.Release|Any CPU.Build.0 = Release|Any CPU
		{311F4159-1444-4D06-AE11-7E2ABD7EB480}.Release|Any CPU.Deploy.0 = Release|Any CPU
	EndGlobalSection
	GlobalSection(SolutionProperties) = preSolution
		HideSolutionNode = FALSE
	EndGlobalSection
	GlobalSection(ExtensibilityGlobals) = postSolution
		SolutionGuid = {40D1F351-ADEC-4F61-904B-21CABFD216B0}
	EndGlobalSection
EndGlobal
